
Microsoft Visual Studio Solution File, Format Version 12.00
# Visual Studio Version 17
VisualStudioVersion = 17.5.001.0
MinimumVisualStudioVersion = 10.0.40219.1
Project("{2150E333-8FDC-42A3-9474-1A3956D46DE8}") = "csharp-prep", "csharp-prep", "{9ED6ECA0-B0B8-4896-A18D-545F91DCCE1E}"
EndProject
Project("{9A19103F-16F7-4668-BE54-9A1E7A4F7556}") = "Prep1", "csharp-prep\Prep1\Prep1.csproj", "{CD4344F8-2C48-4B0A-AA40-F9C004901D42}"
EndProject
Project("{9A19103F-16F7-4668-BE54-9A1E7A4F7556}") = "Prep2", "csharp-prep\Prep2\Prep2.csproj", "{2F5E2831-8137-4A9F-979F-D877510DA12A}"
EndProject
Project("{9A19103F-16F7-4668-BE54-9A1E7A4F7556}") = "Prep3", "csharp-prep\Prep3\Prep3.csproj", "{E4C3E75E-915A-449B-8EF9-163012167E15}"
EndProject
Project("{9A19103F-16F7-4668-BE54-9A1E7A4F7556}") = "Prep4", "csharp-prep\Prep4\Prep4.csproj", "{707DE176-6CE7-4634-B121-98349BC8AD71}"
EndProject
Project("{9A19103F-16F7-4668-BE54-9A1E7A4F7556}") = "Prep5", "csharp-prep\Prep5\Prep5.csproj", "{912CF6A1-ECAA-4A45-A37F-AF3E2FFCCB9C}"
EndProject
Project("{2150E333-8FDC-42A3-9474-1A3956D46DE8}") = "final", "final", "{91277AD8-6E8D-447B-AA5E-D3F7E8ACD0D7}"
EndProject
Project("{9A19103F-16F7-4668-BE54-9A1E7A4F7556}") = "FinalProject", "final\FinalProject\FinalProject.csproj", "{FE15E7D5-E64D-4091-AA4C-5B7447C73E38}"
EndProject
Project("{9A19103F-16F7-4668-BE54-9A1E7A4F7556}") = "Foundation1", "final\Foundation1\Foundation1.csproj", "{4C15A624-81DC-4D84-8D9F-D882231514DB}"
EndProject
Project("{9A19103F-16F7-4668-BE54-9A1E7A4F7556}") = "Foundation2", "final\Foundation2\Foundation2.csproj", "{36DCAAFB-A43E-48D6-9CE9-92388C124DBC}"
EndProject
Project("{9A19103F-16F7-4668-BE54-9A1E7A4F7556}") = "Foundation3", "final\Foundation3\Foundation3.csproj", "{5A1EB3FA-75B0-40C5-8E22-EEE4C4405DF3}"
EndProject
Project("{9A19103F-16F7-4668-BE54-9A1E7A4F7556}") = "Foundation4", "final\Foundation4\Foundation4.csproj", "{CD1C1E0B-D01C-4FF1-8844-66A623ECC222}"
EndProject
Project("{2150E333-8FDC-42A3-9474-1A3956D46DE8}") = "prepare", "prepare", "{B38B2A31-8EE5-4AA3-8FE3-10D6312552DB}"
EndProject
Project("{9A19103F-16F7-4668-BE54-9A1E7A4F7556}") = "Learning02", "prepare\Learning02\Learning02.csproj", "{B20C9DBD-CAF7-46DE-A14B-096A8433ED78}"
EndProject
Project("{9A19103F-16F7-4668-BE54-9A1E7A4F7556}") = "Learning03", "prepare\Learning03\Learning03.csproj", "{6B4C9375-135A-49C6-A1CE-5D92515AF89C}"
EndProject
Project("{9A19103F-16F7-4668-BE54-9A1E7A4F7556}") = "Learning04", "prepare\Learning04\Learning04.csproj", "{DA707517-8FEE-45F6-8232-A72A3878E122}"
EndProject
Project("{9A19103F-16F7-4668-BE54-9A1E7A4F7556}") = "Learning05", "prepare\Learning05\Learning05.csproj", "{818374E5-D6ED-41F1-9F40-C9316731FD80}"
EndProject
Project("{2150E333-8FDC-42A3-9474-1A3956D46DE8}") = "prove", "prove", "{12CCE50D-5B3B-46A2-B730-C1D509C919FD}"
EndProject
Project("{9A19103F-16F7-4668-BE54-9A1E7A4F7556}") = "Develop02", "prove\Develop02\Develop02.csproj", "{96F0ACF2-A44E-428C-BA3D-D23874E7D00C}"
EndProject
Project("{9A19103F-16F7-4668-BE54-9A1E7A4F7556}") = "Develop03", "prove\Develop03\Develop03.csproj", "{A6D8A9D4-40E2-4310-86BC-4F7956472A88}"
EndProject
Project("{9A19103F-16F7-4668-BE54-9A1E7A4F7556}") = "Develop04", "prove\Develop04\Develop04.csproj", "{B5323D4E-D7A0-4F1F-A559-2F098CBF1EEA}"
EndProject
Project("{9A19103F-16F7-4668-BE54-9A1E7A4F7556}") = "Develop05", "prove\Develop05\Develop05.csproj", "{58E35EB4-A928-4BB9-AB35-7D363A71D03F}"
EndProject
Project("{2150E333-8FDC-42A3-9474-1A3956D46DE8}") = "sandbox", "sandbox", "{62C3050F-31BB-4BA6-92D3-BF99ED7E3F8A}"
EndProject
Project("{9A19103F-16F7-4668-BE54-9A1E7A4F7556}") = "Sandbox", "sandbox\Sandbox\Sandbox.csproj", "{14059B2F-1BF9-45AE-B277-2540E188E1E7}"
EndProject
Global
	GlobalSection(SolutionConfigurationPlatforms) = preSolution
		Debug|Any CPU = Debug|Any CPU
		Release|Any CPU = Release|Any CPU
	EndGlobalSection
	GlobalSection(ProjectConfigurationPlatforms) = postSolution
		{CD4344F8-2C48-4B0A-AA40-F9C004901D42}.Debug|Any CPU.ActiveCfg = Debug|Any CPU
		{CD4344F8-2C48-4B0A-AA40-F9C004901D42}.Debug|Any CPU.Build.0 = Debug|Any CPU
		{CD4344F8-2C48-4B0A-AA40-F9C004901D42}.Release|Any CPU.ActiveCfg = Release|Any CPU
		{CD4344F8-2C48-4B0A-AA40-F9C004901D42}.Release|Any CPU.Build.0 = Release|Any CPU
		{2F5E2831-8137-4A9F-979F-D877510DA12A}.Debug|Any CPU.ActiveCfg = Debug|Any CPU
		{2F5E2831-8137-4A9F-979F-D877510DA12A}.Debug|Any CPU.Build.0 = Debug|Any CPU
		{2F5E2831-8137-4A9F-979F-D877510DA12A}.Release|Any CPU.ActiveCfg = Release|Any CPU
		{2F5E2831-8137-4A9F-979F-D877510DA12A}.Release|Any CPU.Build.0 = Release|Any CPU
		{E4C3E75E-915A-449B-8EF9-163012167E15}.Debug|Any CPU.ActiveCfg = Debug|Any CPU
		{E4C3E75E-915A-449B-8EF9-163012167E15}.Debug|Any CPU.Build.0 = Debug|Any CPU
		{E4C3E75E-915A-449B-8EF9-163012167E15}.Release|Any CPU.ActiveCfg = Release|Any CPU
		{E4C3E75E-915A-449B-8EF9-163012167E15}.Release|Any CPU.Build.0 = Release|Any CPU
		{707DE176-6CE7-4634-B121-98349BC8AD71}.Debug|Any CPU.ActiveCfg = Debug|Any CPU
		{707DE176-6CE7-4634-B121-98349BC8AD71}.Debug|Any CPU.Build.0 = Debug|Any CPU
		{707DE176-6CE7-4634-B121-98349BC8AD71}.Release|Any CPU.ActiveCfg = Release|Any CPU
		{707DE176-6CE7-4634-B121-98349BC8AD71}.Release|Any CPU.Build.0 = Release|Any CPU
		{912CF6A1-ECAA-4A45-A37F-AF3E2FFCCB9C}.Debug|Any CPU.ActiveCfg = Debug|Any CPU
		{912CF6A1-ECAA-4A45-A37F-AF3E2FFCCB9C}.Debug|Any CPU.Build.0 = Debug|Any CPU
		{912CF6A1-ECAA-4A45-A37F-AF3E2FFCCB9C}.Release|Any CPU.ActiveCfg = Release|Any CPU
		{912CF6A1-ECAA-4A45-A37F-AF3E2FFCCB9C}.Release|Any CPU.Build.0 = Release|Any CPU
		{FE15E7D5-E64D-4091-AA4C-5B7447C73E38}.Debug|Any CPU.ActiveCfg = Debug|Any CPU
		{FE15E7D5-E64D-4091-AA4C-5B7447C73E38}.Debug|Any CPU.Build.0 = Debug|Any CPU
		{FE15E7D5-E64D-4091-AA4C-5B7447C73E38}.Release|Any CPU.ActiveCfg = Release|Any CPU
		{FE15E7D5-E64D-4091-AA4C-5B7447C73E38}.Release|Any CPU.Build.0 = Release|Any CPU
		{4C15A624-81DC-4D84-8D9F-D882231514DB}.Debug|Any CPU.ActiveCfg = Debug|Any CPU
		{4C15A624-81DC-4D84-8D9F-D882231514DB}.Debug|Any CPU.Build.0 = Debug|Any CPU
		{4C15A624-81DC-4D84-8D9F-D882231514DB}.Release|Any CPU.ActiveCfg = Release|Any CPU
		{4C15A624-81DC-4D84-8D9F-D882231514DB}.Release|Any CPU.Build.0 = Release|Any CPU
		{36DCAAFB-A43E-48D6-9CE9-92388C124DBC}.Debug|Any CPU.ActiveCfg = Debug|Any CPU
		{36DCAAFB-A43E-48D6-9CE9-92388C124DBC}.Debug|Any CPU.Build.0 = Debug|Any CPU
		{36DCAAFB-A43E-48D6-9CE9-92388C124DBC}.Release|Any CPU.ActiveCfg = Release|Any CPU
		{36DCAAFB-A43E-48D6-9CE9-92388C124DBC}.Release|Any CPU.Build.0 = Release|Any CPU
		{5A1EB3FA-75B0-40C5-8E22-EEE4C4405DF3}.Debug|Any CPU.ActiveCfg = Debug|Any CPU
		{5A1EB3FA-75B0-40C5-8E22-EEE4C4405DF3}.Debug|Any CPU.Build.0 = Debug|Any CPU
		{5A1EB3FA-75B0-40C5-8E22-EEE4C4405DF3}.Release|Any CPU.ActiveCfg = Release|Any CPU
		{5A1EB3FA-75B0-40C5-8E22-EEE4C4405DF3}.Release|Any CPU.Build.0 = Release|Any CPU
		{CD1C1E0B-D01C-4FF1-8844-66A623ECC222}.Debug|Any CPU.ActiveCfg = Debug|Any CPU
		{CD1C1E0B-D01C-4FF1-8844-66A623ECC222}.Debug|Any CPU.Build.0 = Debug|Any CPU
		{CD1C1E0B-D01C-4FF1-8844-66A623ECC222}.Release|Any CPU.ActiveCfg = Release|Any CPU
		{CD1C1E0B-D01C-4FF1-8844-66A623ECC222}.Release|Any CPU.Build.0 = Release|Any CPU
		{B20C9DBD-CAF7-46DE-A14B-096A8433ED78}.Debug|Any CPU.ActiveCfg = Debug|Any CPU
		{B20C9DBD-CAF7-46DE-A14B-096A8433ED78}.Debug|Any CPU.Build.0 = Debug|Any CPU
		{B20C9DBD-CAF7-46DE-A14B-096A8433ED78}.Release|Any CPU.ActiveCfg = Release|Any CPU
		{B20C9DBD-CAF7-46DE-A14B-096A8433ED78}.Release|Any CPU.Build.0 = Release|Any CPU
		{6B4C9375-135A-49C6-A1CE-5D92515AF89C}.Debug|Any CPU.ActiveCfg = Debug|Any CPU
		{6B4C9375-135A-49C6-A1CE-5D92515AF89C}.Debug|Any CPU.Build.0 = Debug|Any CPU
		{6B4C9375-135A-49C6-A1CE-5D92515AF89C}.Release|Any CPU.ActiveCfg = Release|Any CPU
		{6B4C9375-135A-49C6-A1CE-5D92515AF89C}.Release|Any CPU.Build.0 = Release|Any CPU
		{DA707517-8FEE-45F6-8232-A72A3878E122}.Debug|Any CPU.ActiveCfg = Debug|Any CPU
		{DA707517-8FEE-45F6-8232-A72A3878E122}.Debug|Any CPU.Build.0 = Debug|Any CPU
		{DA707517-8FEE-45F6-8232-A72A3878E122}.Release|Any CPU.ActiveCfg = Release|Any CPU
		{DA707517-8FEE-45F6-8232-A72A3878E122}.Release|Any CPU.Build.0 = Release|Any CPU
		{818374E5-D6ED-41F1-9F40-C9316731FD80}.Debug|Any CPU.ActiveCfg = Debug|Any CPU
		{818374E5-D6ED-41F1-9F40-C9316731FD80}.Debug|Any CPU.Build.0 = Debug|Any CPU
		{818374E5-D6ED-41F1-9F40-C9316731FD80}.Release|Any CPU.ActiveCfg = Release|Any CPU
		{818374E5-D6ED-41F1-9F40-C9316731FD80}.Release|Any CPU.Build.0 = Release|Any CPU
		{96F0ACF2-A44E-428C-BA3D-D23874E7D00C}.Debug|Any CPU.ActiveCfg = Debug|Any CPU
		{96F0ACF2-A44E-428C-BA3D-D23874E7D00C}.Debug|Any CPU.Build.0 = Debug|Any CPU
		{96F0ACF2-A44E-428C-BA3D-D23874E7D00C}.Release|Any CPU.ActiveCfg = Release|Any CPU
		{96F0ACF2-A44E-428C-BA3D-D23874E7D00C}.Release|Any CPU.Build.0 = Release|Any CPU
		{A6D8A9D4-40E2-4310-86BC-4F7956472A88}.Debug|Any CPU.ActiveCfg = Debug|Any CPU
		{A6D8A9D4-40E2-4310-86BC-4F7956472A88}.Debug|Any CPU.Build.0 = Debug|Any CPU
		{A6D8A9D4-40E2-4310-86BC-4F7956472A88}.Release|Any CPU.ActiveCfg = Release|Any CPU
		{A6D8A9D4-40E2-4310-86BC-4F7956472A88}.Release|Any CPU.Build.0 = Release|Any CPU
		{B5323D4E-D7A0-4F1F-A559-2F098CBF1EEA}.Debug|Any CPU.ActiveCfg = Debug|Any CPU
		{B5323D4E-D7A0-4F1F-A559-2F098CBF1EEA}.Debug|Any CPU.Build.0 = Debug|Any CPU
		{B5323D4E-D7A0-4F1F-A559-2F098CBF1EEA}.Release|Any CPU.ActiveCfg = Release|Any CPU
		{B5323D4E-D7A0-4F1F-A559-2F098CBF1EEA}.Release|Any CPU.Build.0 = Release|Any CPU
		{58E35EB4-A928-4BB9-AB35-7D363A71D03F}.Debug|Any CPU.ActiveCfg = Debug|Any CPU
		{58E35EB4-A928-4BB9-AB35-7D363A71D03F}.Debug|Any CPU.Build.0 = Debug|Any CPU
		{58E35EB4-A928-4BB9-AB35-7D363A71D03F}.Release|Any CPU.ActiveCfg = Release|Any CPU
		{58E35EB4-A928-4BB9-AB35-7D363A71D03F}.Release|Any CPU.Build.0 = Release|Any CPU
		{14059B2F-1BF9-45AE-B277-2540E188E1E7}.Debug|Any CPU.ActiveCfg = Debug|Any CPU
		{14059B2F-1BF9-45AE-B277-2540E188E1E7}.Debug|Any CPU.Build.0 = Debug|Any CPU
		{14059B2F-1BF9-45AE-B277-2540E188E1E7}.Release|Any CPU.ActiveCfg = Release|Any CPU
		{14059B2F-1BF9-45AE-B277-2540E188E1E7}.Release|Any CPU.Build.0 = Release|Any CPU
	EndGlobalSection
	GlobalSection(SolutionProperties) = preSolution
		HideSolutionNode = FALSE
	EndGlobalSection
	GlobalSection(NestedProjects) = preSolution
		{CD4344F8-2C48-4B0A-AA40-F9C004901D42} = {9ED6ECA0-B0B8-4896-A18D-545F91DCCE1E}
		{2F5E2831-8137-4A9F-979F-D877510DA12A} = {9ED6ECA0-B0B8-4896-A18D-545F91DCCE1E}
		{E4C3E75E-915A-449B-8EF9-163012167E15} = {9ED6ECA0-B0B8-4896-A18D-545F91DCCE1E}
		{707DE176-6CE7-4634-B121-98349BC8AD71} = {9ED6ECA0-B0B8-4896-A18D-545F91DCCE1E}
		{912CF6A1-ECAA-4A45-A37F-AF3E2FFCCB9C} = {9ED6ECA0-B0B8-4896-A18D-545F91DCCE1E}
		{FE15E7D5-E64D-4091-AA4C-5B7447C73E38} = {91277AD8-6E8D-447B-AA5E-D3F7E8ACD0D7}
		{4C15A624-81DC-4D84-8D9F-D882231514DB} = {91277AD8-6E8D-447B-AA5E-D3F7E8ACD0D7}
		{36DCAAFB-A43E-48D6-9CE9-92388C124DBC} = {91277AD8-6E8D-447B-AA5E-D3F7E8ACD0D7}
		{5A1EB3FA-75B0-40C5-8E22-EEE4C4405DF3} = {91277AD8-6E8D-447B-AA5E-D3F7E8ACD0D7}
		{CD1C1E0B-D01C-4FF1-8844-66A623ECC222} = {91277AD8-6E8D-447B-AA5E-D3F7E8ACD0D7}
		{B20C9DBD-CAF7-46DE-A14B-096A8433ED78} = {B38B2A31-8EE5-4AA3-8FE3-10D6312552DB}
		{6B4C9375-135A-49C6-A1CE-5D92515AF89C} = {B38B2A31-8EE5-4AA3-8FE3-10D6312552DB}
		{DA707517-8FEE-45F6-8232-A72A3878E122} = {B38B2A31-8EE5-4AA3-8FE3-10D6312552DB}
		{818374E5-D6ED-41F1-9F40-C9316731FD80} = {B38B2A31-8EE5-4AA3-8FE3-10D6312552DB}
		{96F0ACF2-A44E-428C-BA3D-D23874E7D00C} = {12CCE50D-5B3B-46A2-B730-C1D509C919FD}
		{A6D8A9D4-40E2-4310-86BC-4F7956472A88} = {12CCE50D-5B3B-46A2-B730-C1D509C919FD}
		{B5323D4E-D7A0-4F1F-A559-2F098CBF1EEA} = {12CCE50D-5B3B-46A2-B730-C1D509C919FD}
		{58E35EB4-A928-4BB9-AB35-7D363A71D03F} = {12CCE50D-5B3B-46A2-B730-C1D509C919FD}
		{14059B2F-1BF9-45AE-B277-2540E188E1E7} = {62C3050F-31BB-4BA6-92D3-BF99ED7E3F8A}
	EndGlobalSection
	GlobalSection(ExtensibilityGlobals) = postSolution
		SolutionGuid = {15A5BD56-77BB-4C0A-B3EA-0C7558B516F9}
	EndGlobalSection
EndGlobal
